
Microsoft Visual Studio Solution File, Format Version 12.00
# Visual Studio Version 16
VisualStudioVersion = 16.0.29102.190
MinimumVisualStudioVersion = 10.0.40219.1
Project("{FAE04EC0-301F-11D3-BF4B-00C04F79EFBC}") = "ParseXaml2", "ParseXaml2\ParseXaml2.csproj", "{AA1E56D9-A9FC-422E-8033-0D397A8F8071}"
EndProject
Global
	GlobalSection(SolutionConfigurationPlatforms) = preSolution
		Debug|Any CPU = Debug|Any CPU
		Release|Any CPU = Release|Any CPU
	EndGlobalSection
	GlobalSection(ProjectConfigurationPlatforms) = postSolution
		{AA1E56D9-A9FC-422E-8033-0D397A8F8071}.Debug|Any CPU.ActiveCfg = Debug|Any CPU
		{AA1E56D9-A9FC-422E-8033-0D397A8F8071}.Debug|Any CPU.Build.0 = Debug|Any CPU
		{AA1E56D9-A9FC-422E-8033-0D397A8F8071}.Release|Any CPU.ActiveCfg = Release|Any CPU
		{AA1E56D9-A9FC-422E-8033-0D397A8F8071}.Release|Any CPU.Build.0 = Release|Any CPU
	EndGlobalSection
	GlobalSection(SolutionProperties) = preSolution
		HideSolutionNode = FALSE
	EndGlobalSection
	GlobalSection(ExtensibilityGlobals) = postSolution
		SolutionGuid = {C948C0B6-28FC-4618-8046-1853D7F05D3A}
	EndGlobalSection
EndGlobal
